
Microsoft Visual Studio Solution File, Format Version 12.00
# Visual Studio Version 16
VisualStudioVersion = 16.0.30114.105
MinimumVisualStudioVersion = 10.0.40219.1
Project("{2150E333-8FDC-42A3-9474-1A3956D46DE8}") = "CreationalPatterns", "CreationalPatterns", "{B3D81A26-9E77-4D0E-BCFA-10F2EFCF597B}"
EndProject
Project("{2150E333-8FDC-42A3-9474-1A3956D46DE8}") = "FactoryMethod", "FactoryMethod", "{54E304CA-6AA3-449E-AB7A-1C0404EA6754}"
EndProject
Project("{FAE04EC0-301F-11D3-BF4B-00C04F79EFBC}") = "Factory.Console", "CreationalPatterns\FactoryMethod\Factory.Console\Factory.Console.csproj", "{1F429437-5E2D-4B8B-AE77-EF2277C43135}"
EndProject
Project("{FAE04EC0-301F-11D3-BF4B-00C04F79EFBC}") = "Factory.Method", "CreationalPatterns\FactoryMethod\Factory.Method\Factory.Method.csproj", "{8A372DAD-AEFA-4261-81E7-5AAB89C10A12}"
EndProject
Project("{2150E333-8FDC-42A3-9474-1A3956D46DE8}") = "AbstractFactory", "AbstractFactory", "{438B44C7-5E49-4D14-87AA-5E573E951F87}"
EndProject
Project("{FAE04EC0-301F-11D3-BF4B-00C04F79EFBC}") = "AbstractFactory.Console", "CreationalPatterns\AbstractFactory\AbstractFactory.Console\AbstractFactory.Console.csproj", "{0283F961-FA2F-4B1A-B65C-CB91AD44BB54}"
EndProject
Project("{FAE04EC0-301F-11D3-BF4B-00C04F79EFBC}") = "AbstractFactory.Method", "CreationalPatterns\AbstractFactory\AbstractFactory.Method\AbstractFactory.Method.csproj", "{94BE4861-96D3-45A3-A63D-7CD5B06E74A0}"
EndProject
Project("{2150E333-8FDC-42A3-9474-1A3956D46DE8}") = "Builder", "Builder", "{9688AE7B-974D-4744-85A2-3847A5DBEC7D}"
EndProject
Project("{FAE04EC0-301F-11D3-BF4B-00C04F79EFBC}") = "Builder.Method", "CreationalPatterns\Builder\Builder.Method\Builder.Method.csproj", "{741A8B59-E76D-4B7E-BA3E-38667F290A08}"
EndProject
Project("{FAE04EC0-301F-11D3-BF4B-00C04F79EFBC}") = "Builder.Console", "CreationalPatterns\Builder\Builder.Console\Builder.Console.csproj", "{87596E02-9B50-48F3-B056-3B154E5C570A}"
EndProject
Project("{2150E333-8FDC-42A3-9474-1A3956D46DE8}") = "Prototype", "Prototype", "{09C085B6-9525-4AE4-ADBF-58D581452108}"
EndProject
Project("{FAE04EC0-301F-11D3-BF4B-00C04F79EFBC}") = "Prototype.Core", "CreationalPatterns\Prototype\Prototype.Core\Prototype.Core.csproj", "{4DD30669-C323-4E6F-A665-80868383909B}"
EndProject
Project("{FAE04EC0-301F-11D3-BF4B-00C04F79EFBC}") = "Prototype.Console", "CreationalPatterns\Prototype\Prototype.Console\Prototype.Console.csproj", "{0C1F014E-7D66-4270-8EFB-69ECFBAD4B07}"
EndProject
Project("{2150E333-8FDC-42A3-9474-1A3956D46DE8}") = "Singleton", "Singleton", "{8412EB36-1F7A-4EF5-B57E-3727C79E8367}"
EndProject
Project("{FAE04EC0-301F-11D3-BF4B-00C04F79EFBC}") = "Singleton.Core", "CreationalPatterns\Singleton\Singleton.Core\Singleton.Core.csproj", "{686BFE06-0F91-4E58-83AA-792B2B5FB27E}"
EndProject
Project("{FAE04EC0-301F-11D3-BF4B-00C04F79EFBC}") = "Singleton.Console", "CreationalPatterns\Singleton\Singleton.Console\Singleton.Console.csproj", "{22C289F2-2310-4861-8CD8-71036290094C}"
EndProject
Project("{2150E333-8FDC-42A3-9474-1A3956D46DE8}") = "StructuralPatterns", "StructuralPatterns", "{5FD3A2B1-01A7-4453-BC44-406E1C6AF1DB}"
EndProject
Project("{2150E333-8FDC-42A3-9474-1A3956D46DE8}") = "Adapter", "Adapter", "{BA9C9D3E-1378-4E98-A130-A15B682F05CB}"
EndProject
Project("{FAE04EC0-301F-11D3-BF4B-00C04F79EFBC}") = "Adapter.Core", "StructuralPatterns\Adapter\Adapter.Core\Adapter.Core.csproj", "{424B0DFF-2854-4E19-AA58-B6789C551E42}"
EndProject
Project("{FAE04EC0-301F-11D3-BF4B-00C04F79EFBC}") = "Adapter.Console", "StructuralPatterns\Adapter\Adapter.Console\Adapter.Console.csproj", "{621055F1-55AD-4DF7-90B0-932FA7A4B546}"
EndProject
Project("{2150E333-8FDC-42A3-9474-1A3956D46DE8}") = "Bridge", "Bridge", "{9DD9A781-4A1F-4185-8F42-184E3C36F724}"
EndProject
Project("{FAE04EC0-301F-11D3-BF4B-00C04F79EFBC}") = "Bridge.Core", "StructuralPatterns\Bridge\Bridge.Core\Bridge.Core.csproj", "{0F9F1898-EB07-4C46-A7E3-1F6A29EFDFF7}"
EndProject
Project("{FAE04EC0-301F-11D3-BF4B-00C04F79EFBC}") = "Bridge.Console", "StructuralPatterns\Bridge\Bridge.Console\Bridge.Console.csproj", "{3C61EDA7-D524-40EE-98E4-80444A29475F}"
EndProject
Project("{2150E333-8FDC-42A3-9474-1A3956D46DE8}") = "Composite", "Composite", "{67520ACF-11D6-4CE1-9E6A-49A29DF35D58}"
EndProject
Project("{FAE04EC0-301F-11D3-BF4B-00C04F79EFBC}") = "Composite.Core", "StructuralPatterns\Composite\Composite.Core\Composite.Core.csproj", "{FA44B6FE-8F89-4B54-8B8F-3491B6999194}"
EndProject
Project("{FAE04EC0-301F-11D3-BF4B-00C04F79EFBC}") = "Composite.Console", "StructuralPatterns\Composite\Composite.Console\Composite.Console.csproj", "{BAA87D5F-D52F-4A37-BC1D-FDBD79CB463D}"
EndProject
Project("{2150E333-8FDC-42A3-9474-1A3956D46DE8}") = "Decorator", "Decorator", "{3D42395B-1F5E-401D-8BEB-38E86ADFF085}"
EndProject
Project("{FAE04EC0-301F-11D3-BF4B-00C04F79EFBC}") = "Decorator.Core", "StructuralPatterns\Decorator\Decorator.Core\Decorator.Core.csproj", "{5946B55B-E550-4248-808E-F9047A1D0965}"
EndProject
Project("{FAE04EC0-301F-11D3-BF4B-00C04F79EFBC}") = "Decorator.Console", "StructuralPatterns\Decorator\Decorator.Console\Decorator.Console.csproj", "{A1CCA4BC-A270-414F-B17D-B4DCB9466B2E}"
EndProject
Project("{2150E333-8FDC-42A3-9474-1A3956D46DE8}") = "Facade", "Facade", "{F83EB8A2-D1ED-46F6-BFAA-7D177F9F46AE}"
EndProject
Project("{FAE04EC0-301F-11D3-BF4B-00C04F79EFBC}") = "Facade.Core", "StructuralPatterns\Facade\Facade.Core\Facade.Core.csproj", "{AEE9D565-F2FE-4EC7-98EB-F3683EA71B26}"
EndProject
Project("{FAE04EC0-301F-11D3-BF4B-00C04F79EFBC}") = "Facade.Console", "StructuralPatterns\Facade\Facade.Console\Facade.Console.csproj", "{9FDCDF2E-241E-4F83-8D26-187498D4C7E7}"
EndProject
Project("{2150E333-8FDC-42A3-9474-1A3956D46DE8}") = "Flyweight", "Flyweight", "{7CBC0214-E7FE-4D37-BDCB-4A0321008256}"
EndProject
Project("{FAE04EC0-301F-11D3-BF4B-00C04F79EFBC}") = "Flyweight.Core", "StructuralPatterns\Flyweight\Flyweight.Core\Flyweight.Core.csproj", "{8A6109D5-CEB9-4ADB-98F1-872EE3FAF9A6}"
EndProject
Project("{FAE04EC0-301F-11D3-BF4B-00C04F79EFBC}") = "Flyweight.Console", "StructuralPatterns\Flyweight\Flyweight.Console\Flyweight.Console.csproj", "{17D4A1F8-B646-436C-A142-7D2F43B721C3}"
EndProject
Project("{2150E333-8FDC-42A3-9474-1A3956D46DE8}") = "Proxy", "Proxy", "{1F19D62B-34A0-4E40-96A1-5E0991EE0763}"
EndProject
Project("{FAE04EC0-301F-11D3-BF4B-00C04F79EFBC}") = "Proxy.Core", "StructuralPatterns\Proxy\Proxy.Core\Proxy.Core.csproj", "{C26E165C-DADB-481A-8EA8-D232626C628F}"
EndProject
Project("{FAE04EC0-301F-11D3-BF4B-00C04F79EFBC}") = "Proxy.Console", "StructuralPatterns\Proxy\Proxy.Console\Proxy.Console.csproj", "{F5CD596A-13D6-4439-A4A2-C2607824BDC6}"
EndProject
Project("{2150E333-8FDC-42A3-9474-1A3956D46DE8}") = "BehavioralPatterns", "BehavioralPatterns", "{AF7892E6-3253-4DD7-B982-9C094F934468}"
EndProject
Project("{2150E333-8FDC-42A3-9474-1A3956D46DE8}") = "ChainOfResponsability", "ChainOfResponsability", "{3F7425B4-276B-4D97-A8A5-F8C6CD30A728}"
EndProject
Project("{FAE04EC0-301F-11D3-BF4B-00C04F79EFBC}") = "ChainOfResponsability.Core", "BehavioralPatterns\ChainOfResponsability\ChainOfResponsability.Core\ChainOfResponsability.Core.csproj", "{F0656363-A18A-4D71-9194-BD5439F0FCEC}"
EndProject
Project("{FAE04EC0-301F-11D3-BF4B-00C04F79EFBC}") = "ChainOfResponsability.Console", "BehavioralPatterns\ChainOfResponsability\ChainOfResponsability.Console\ChainOfResponsability.Console.csproj", "{258553DE-F4EE-46D3-992D-31293D8ABD00}"
EndProject
Project("{2150E333-8FDC-42A3-9474-1A3956D46DE8}") = "Command", "Command", "{AED0E94A-D216-4792-9442-45581CDD60DF}"
EndProject
Project("{FAE04EC0-301F-11D3-BF4B-00C04F79EFBC}") = "Command.Core", "BehavioralPatterns\Command\Command.Core\Command.Core.csproj", "{82DF9B9F-802B-41AD-9D54-7D74BC80730B}"
EndProject
Project("{FAE04EC0-301F-11D3-BF4B-00C04F79EFBC}") = "Command.Console", "BehavioralPatterns\Command\Command.Console\Command.Console.csproj", "{9347F389-89AD-47A3-9464-FFC48CD4EC8E}"
EndProject
Project("{2150E333-8FDC-42A3-9474-1A3956D46DE8}") = "Iterator", "Iterator", "{841E74FA-0935-4338-B31F-672C80E1E27C}"
EndProject
Project("{FAE04EC0-301F-11D3-BF4B-00C04F79EFBC}") = "Iterator.Core", "BehavioralPatterns\Iterator\Iterator.Core\Iterator.Core.csproj", "{C851BB28-0C6E-45E9-B89F-31EEE1E84428}"
EndProject
Project("{FAE04EC0-301F-11D3-BF4B-00C04F79EFBC}") = "Iterator.Console", "BehavioralPatterns\Iterator\Iterator.Console\Iterator.Console.csproj", "{87588F5F-D8AA-4A16-BB90-105DDF327327}"
EndProject
Project("{2150E333-8FDC-42A3-9474-1A3956D46DE8}") = "Mediator", "Mediator", "{F98CE86E-4EF5-4173-882D-46194003A81D}"
EndProject
Project("{FAE04EC0-301F-11D3-BF4B-00C04F79EFBC}") = "Mediator.Core", "BehavioralPatterns\Mediator\Mediator.Core\Mediator.Core.csproj", "{E0B67C77-A68C-44EB-AE39-EB5FBD0CF181}"
EndProject
Project("{FAE04EC0-301F-11D3-BF4B-00C04F79EFBC}") = "Mediator.Console", "BehavioralPatterns\Mediator\Mediator.Console\Mediator.Console.csproj", "{77FA759D-326D-46BB-B3E2-97C998AB50BA}"
EndProject
Project("{2150E333-8FDC-42A3-9474-1A3956D46DE8}") = "Memento", "Memento", "{B6F94408-1F45-41CF-9BC0-69FC4F8BD58C}"
EndProject
Project("{FAE04EC0-301F-11D3-BF4B-00C04F79EFBC}") = "Memento.Core", "BehavioralPatterns\Memento\Memento.Core\Memento.Core.csproj", "{EA8EB55B-5353-416B-9121-AD5515C90915}"
EndProject
Project("{FAE04EC0-301F-11D3-BF4B-00C04F79EFBC}") = "Memento.Console", "BehavioralPatterns\Memento\Memento.Console\Memento.Console.csproj", "{D8A9D68E-D4AC-413D-A099-5FCB56444693}"
EndProject
Project("{2150E333-8FDC-42A3-9474-1A3956D46DE8}") = "Observer", "Observer", "{ECE3A36D-5640-4019-A3C9-FD526C4C5CEF}"
EndProject
Project("{FAE04EC0-301F-11D3-BF4B-00C04F79EFBC}") = "Observer.Core", "BehavioralPatterns\Observer\Observer.Core\Observer.Core.csproj", "{6E68A221-85A4-4C03-ACFC-F91DDB034917}"
EndProject
Project("{FAE04EC0-301F-11D3-BF4B-00C04F79EFBC}") = "Observer.Console", "BehavioralPatterns\Observer\Observer.Console\Observer.Console.csproj", "{46C7E4E3-8EEC-4C29-BA7E-9ADBBAACCA3C}"
EndProject
Project("{2150E333-8FDC-42A3-9474-1A3956D46DE8}") = "State", "State", "{12689A24-0E9C-4729-B4D7-915934185019}"
EndProject
Project("{FAE04EC0-301F-11D3-BF4B-00C04F79EFBC}") = "State.Console", "BehavioralPatterns\State\State.Console\State.Console.csproj", "{C42C0389-669D-4B4A-8937-BA498F75F124}"
EndProject
Project("{FAE04EC0-301F-11D3-BF4B-00C04F79EFBC}") = "State.Core", "BehavioralPatterns\State\State.Core\State.Core.csproj", "{7266C632-6581-4406-BA74-06D88983AB07}"
EndProject
Project("{2150E333-8FDC-42A3-9474-1A3956D46DE8}") = "Strategy", "Strategy", "{63A26485-1D84-4D0D-88A4-E1129CD093A1}"
EndProject
Project("{FAE04EC0-301F-11D3-BF4B-00C04F79EFBC}") = "Strategy.Core", "BehavioralPatterns\Strategy\Strategy.Core\Strategy.Core.csproj", "{AA2E3666-1672-436E-B3AE-88BBD48912B3}"
EndProject
Project("{FAE04EC0-301F-11D3-BF4B-00C04F79EFBC}") = "Strategy.Console", "BehavioralPatterns\Strategy\Strategy.Console\Strategy.Console.csproj", "{FBCCDB1C-A75A-446C-8D98-5431EB38D4B9}"
EndProject
Project("{2150E333-8FDC-42A3-9474-1A3956D46DE8}") = "TemplateMethod", "TemplateMethod", "{A3EE2126-632E-407C-846B-6733B6C85CD2}"
EndProject
Project("{FAE04EC0-301F-11D3-BF4B-00C04F79EFBC}") = "TemplateMethod.Core", "BehavioralPatterns\TemplateMethod\TemplateMethod.Core\TemplateMethod.Core.csproj", "{DEDE1820-D70A-4B98-9ECC-B86BD50D388F}"
EndProject
Project("{FAE04EC0-301F-11D3-BF4B-00C04F79EFBC}") = "TemplateMethod.Console", "BehavioralPatterns\TemplateMethod\TemplateMethod.Console\TemplateMethod.Console.csproj", "{5E983076-224C-4828-8AA9-465A0E6675F0}"
EndProject
Project("{2150E333-8FDC-42A3-9474-1A3956D46DE8}") = "Visitor", "Visitor", "{E21DFC37-E149-4FE9-9353-15E54A54507D}"
EndProject
Project("{FAE04EC0-301F-11D3-BF4B-00C04F79EFBC}") = "Visitor.Core", "BehavioralPatterns\Visitor\Visitor.Core\Visitor.Core.csproj", "{C86AE8DA-2958-4BC8-98C5-91666FB68F60}"
EndProject
Project("{FAE04EC0-301F-11D3-BF4B-00C04F79EFBC}") = "Visitor.Console", "BehavioralPatterns\Visitor\Visitor.Console\Visitor.Console.csproj", "{6EA5A41A-3CCE-4B04-80CE-0435692A5AEA}"
EndProject
Global
	GlobalSection(SolutionConfigurationPlatforms) = preSolution
		Debug|Any CPU = Debug|Any CPU
		Release|Any CPU = Release|Any CPU
	EndGlobalSection
	GlobalSection(SolutionProperties) = preSolution
		HideSolutionNode = FALSE
	EndGlobalSection
	GlobalSection(ProjectConfigurationPlatforms) = postSolution
		{1F429437-5E2D-4B8B-AE77-EF2277C43135}.Debug|Any CPU.ActiveCfg = Debug|Any CPU
		{1F429437-5E2D-4B8B-AE77-EF2277C43135}.Debug|Any CPU.Build.0 = Debug|Any CPU
		{1F429437-5E2D-4B8B-AE77-EF2277C43135}.Release|Any CPU.ActiveCfg = Release|Any CPU
		{1F429437-5E2D-4B8B-AE77-EF2277C43135}.Release|Any CPU.Build.0 = Release|Any CPU
		{8A372DAD-AEFA-4261-81E7-5AAB89C10A12}.Debug|Any CPU.ActiveCfg = Debug|Any CPU
		{8A372DAD-AEFA-4261-81E7-5AAB89C10A12}.Debug|Any CPU.Build.0 = Debug|Any CPU
		{8A372DAD-AEFA-4261-81E7-5AAB89C10A12}.Release|Any CPU.ActiveCfg = Release|Any CPU
		{8A372DAD-AEFA-4261-81E7-5AAB89C10A12}.Release|Any CPU.Build.0 = Release|Any CPU
		{0283F961-FA2F-4B1A-B65C-CB91AD44BB54}.Debug|Any CPU.ActiveCfg = Debug|Any CPU
		{0283F961-FA2F-4B1A-B65C-CB91AD44BB54}.Debug|Any CPU.Build.0 = Debug|Any CPU
		{0283F961-FA2F-4B1A-B65C-CB91AD44BB54}.Release|Any CPU.ActiveCfg = Release|Any CPU
		{0283F961-FA2F-4B1A-B65C-CB91AD44BB54}.Release|Any CPU.Build.0 = Release|Any CPU
		{94BE4861-96D3-45A3-A63D-7CD5B06E74A0}.Debug|Any CPU.ActiveCfg = Debug|Any CPU
		{94BE4861-96D3-45A3-A63D-7CD5B06E74A0}.Debug|Any CPU.Build.0 = Debug|Any CPU
		{94BE4861-96D3-45A3-A63D-7CD5B06E74A0}.Release|Any CPU.ActiveCfg = Release|Any CPU
		{94BE4861-96D3-45A3-A63D-7CD5B06E74A0}.Release|Any CPU.Build.0 = Release|Any CPU
		{741A8B59-E76D-4B7E-BA3E-38667F290A08}.Debug|Any CPU.ActiveCfg = Debug|Any CPU
		{741A8B59-E76D-4B7E-BA3E-38667F290A08}.Debug|Any CPU.Build.0 = Debug|Any CPU
		{741A8B59-E76D-4B7E-BA3E-38667F290A08}.Release|Any CPU.ActiveCfg = Release|Any CPU
		{741A8B59-E76D-4B7E-BA3E-38667F290A08}.Release|Any CPU.Build.0 = Release|Any CPU
		{87596E02-9B50-48F3-B056-3B154E5C570A}.Debug|Any CPU.ActiveCfg = Debug|Any CPU
		{87596E02-9B50-48F3-B056-3B154E5C570A}.Debug|Any CPU.Build.0 = Debug|Any CPU
		{87596E02-9B50-48F3-B056-3B154E5C570A}.Release|Any CPU.ActiveCfg = Release|Any CPU
		{87596E02-9B50-48F3-B056-3B154E5C570A}.Release|Any CPU.Build.0 = Release|Any CPU
		{4DD30669-C323-4E6F-A665-80868383909B}.Debug|Any CPU.ActiveCfg = Debug|Any CPU
		{4DD30669-C323-4E6F-A665-80868383909B}.Debug|Any CPU.Build.0 = Debug|Any CPU
		{4DD30669-C323-4E6F-A665-80868383909B}.Release|Any CPU.ActiveCfg = Release|Any CPU
		{4DD30669-C323-4E6F-A665-80868383909B}.Release|Any CPU.Build.0 = Release|Any CPU
		{0C1F014E-7D66-4270-8EFB-69ECFBAD4B07}.Debug|Any CPU.ActiveCfg = Debug|Any CPU
		{0C1F014E-7D66-4270-8EFB-69ECFBAD4B07}.Debug|Any CPU.Build.0 = Debug|Any CPU
		{0C1F014E-7D66-4270-8EFB-69ECFBAD4B07}.Release|Any CPU.ActiveCfg = Release|Any CPU
		{0C1F014E-7D66-4270-8EFB-69ECFBAD4B07}.Release|Any CPU.Build.0 = Release|Any CPU
		{686BFE06-0F91-4E58-83AA-792B2B5FB27E}.Debug|Any CPU.ActiveCfg = Debug|Any CPU
		{686BFE06-0F91-4E58-83AA-792B2B5FB27E}.Debug|Any CPU.Build.0 = Debug|Any CPU
		{686BFE06-0F91-4E58-83AA-792B2B5FB27E}.Release|Any CPU.ActiveCfg = Release|Any CPU
		{686BFE06-0F91-4E58-83AA-792B2B5FB27E}.Release|Any CPU.Build.0 = Release|Any CPU
		{22C289F2-2310-4861-8CD8-71036290094C}.Debug|Any CPU.ActiveCfg = Debug|Any CPU
		{22C289F2-2310-4861-8CD8-71036290094C}.Debug|Any CPU.Build.0 = Debug|Any CPU
		{22C289F2-2310-4861-8CD8-71036290094C}.Release|Any CPU.ActiveCfg = Release|Any CPU
		{22C289F2-2310-4861-8CD8-71036290094C}.Release|Any CPU.Build.0 = Release|Any CPU
		{424B0DFF-2854-4E19-AA58-B6789C551E42}.Debug|Any CPU.ActiveCfg = Debug|Any CPU
		{424B0DFF-2854-4E19-AA58-B6789C551E42}.Debug|Any CPU.Build.0 = Debug|Any CPU
		{424B0DFF-2854-4E19-AA58-B6789C551E42}.Release|Any CPU.ActiveCfg = Release|Any CPU
		{424B0DFF-2854-4E19-AA58-B6789C551E42}.Release|Any CPU.Build.0 = Release|Any CPU
		{621055F1-55AD-4DF7-90B0-932FA7A4B546}.Debug|Any CPU.ActiveCfg = Debug|Any CPU
		{621055F1-55AD-4DF7-90B0-932FA7A4B546}.Debug|Any CPU.Build.0 = Debug|Any CPU
		{621055F1-55AD-4DF7-90B0-932FA7A4B546}.Release|Any CPU.ActiveCfg = Release|Any CPU
		{621055F1-55AD-4DF7-90B0-932FA7A4B546}.Release|Any CPU.Build.0 = Release|Any CPU
		{0F9F1898-EB07-4C46-A7E3-1F6A29EFDFF7}.Debug|Any CPU.ActiveCfg = Debug|Any CPU
		{0F9F1898-EB07-4C46-A7E3-1F6A29EFDFF7}.Debug|Any CPU.Build.0 = Debug|Any CPU
		{0F9F1898-EB07-4C46-A7E3-1F6A29EFDFF7}.Release|Any CPU.ActiveCfg = Release|Any CPU
		{0F9F1898-EB07-4C46-A7E3-1F6A29EFDFF7}.Release|Any CPU.Build.0 = Release|Any CPU
		{3C61EDA7-D524-40EE-98E4-80444A29475F}.Debug|Any CPU.ActiveCfg = Debug|Any CPU
		{3C61EDA7-D524-40EE-98E4-80444A29475F}.Debug|Any CPU.Build.0 = Debug|Any CPU
		{3C61EDA7-D524-40EE-98E4-80444A29475F}.Release|Any CPU.ActiveCfg = Release|Any CPU
		{3C61EDA7-D524-40EE-98E4-80444A29475F}.Release|Any CPU.Build.0 = Release|Any CPU
		{FA44B6FE-8F89-4B54-8B8F-3491B6999194}.Debug|Any CPU.ActiveCfg = Debug|Any CPU
		{FA44B6FE-8F89-4B54-8B8F-3491B6999194}.Debug|Any CPU.Build.0 = Debug|Any CPU
		{FA44B6FE-8F89-4B54-8B8F-3491B6999194}.Release|Any CPU.ActiveCfg = Release|Any CPU
		{FA44B6FE-8F89-4B54-8B8F-3491B6999194}.Release|Any CPU.Build.0 = Release|Any CPU
		{BAA87D5F-D52F-4A37-BC1D-FDBD79CB463D}.Debug|Any CPU.ActiveCfg = Debug|Any CPU
		{BAA87D5F-D52F-4A37-BC1D-FDBD79CB463D}.Debug|Any CPU.Build.0 = Debug|Any CPU
		{BAA87D5F-D52F-4A37-BC1D-FDBD79CB463D}.Release|Any CPU.ActiveCfg = Release|Any CPU
		{BAA87D5F-D52F-4A37-BC1D-FDBD79CB463D}.Release|Any CPU.Build.0 = Release|Any CPU
		{5946B55B-E550-4248-808E-F9047A1D0965}.Debug|Any CPU.ActiveCfg = Debug|Any CPU
		{5946B55B-E550-4248-808E-F9047A1D0965}.Debug|Any CPU.Build.0 = Debug|Any CPU
		{5946B55B-E550-4248-808E-F9047A1D0965}.Release|Any CPU.ActiveCfg = Release|Any CPU
		{5946B55B-E550-4248-808E-F9047A1D0965}.Release|Any CPU.Build.0 = Release|Any CPU
		{A1CCA4BC-A270-414F-B17D-B4DCB9466B2E}.Debug|Any CPU.ActiveCfg = Debug|Any CPU
		{A1CCA4BC-A270-414F-B17D-B4DCB9466B2E}.Debug|Any CPU.Build.0 = Debug|Any CPU
		{A1CCA4BC-A270-414F-B17D-B4DCB9466B2E}.Release|Any CPU.ActiveCfg = Release|Any CPU
		{A1CCA4BC-A270-414F-B17D-B4DCB9466B2E}.Release|Any CPU.Build.0 = Release|Any CPU
		{AEE9D565-F2FE-4EC7-98EB-F3683EA71B26}.Debug|Any CPU.ActiveCfg = Debug|Any CPU
		{AEE9D565-F2FE-4EC7-98EB-F3683EA71B26}.Debug|Any CPU.Build.0 = Debug|Any CPU
		{AEE9D565-F2FE-4EC7-98EB-F3683EA71B26}.Release|Any CPU.ActiveCfg = Release|Any CPU
		{AEE9D565-F2FE-4EC7-98EB-F3683EA71B26}.Release|Any CPU.Build.0 = Release|Any CPU
		{9FDCDF2E-241E-4F83-8D26-187498D4C7E7}.Debug|Any CPU.ActiveCfg = Debug|Any CPU
		{9FDCDF2E-241E-4F83-8D26-187498D4C7E7}.Debug|Any CPU.Build.0 = Debug|Any CPU
		{9FDCDF2E-241E-4F83-8D26-187498D4C7E7}.Release|Any CPU.ActiveCfg = Release|Any CPU
		{9FDCDF2E-241E-4F83-8D26-187498D4C7E7}.Release|Any CPU.Build.0 = Release|Any CPU
		{8A6109D5-CEB9-4ADB-98F1-872EE3FAF9A6}.Debug|Any CPU.ActiveCfg = Debug|Any CPU
		{8A6109D5-CEB9-4ADB-98F1-872EE3FAF9A6}.Debug|Any CPU.Build.0 = Debug|Any CPU
		{8A6109D5-CEB9-4ADB-98F1-872EE3FAF9A6}.Release|Any CPU.ActiveCfg = Release|Any CPU
		{8A6109D5-CEB9-4ADB-98F1-872EE3FAF9A6}.Release|Any CPU.Build.0 = Release|Any CPU
		{17D4A1F8-B646-436C-A142-7D2F43B721C3}.Debug|Any CPU.ActiveCfg = Debug|Any CPU
		{17D4A1F8-B646-436C-A142-7D2F43B721C3}.Debug|Any CPU.Build.0 = Debug|Any CPU
		{17D4A1F8-B646-436C-A142-7D2F43B721C3}.Release|Any CPU.ActiveCfg = Release|Any CPU
		{17D4A1F8-B646-436C-A142-7D2F43B721C3}.Release|Any CPU.Build.0 = Release|Any CPU
		{C26E165C-DADB-481A-8EA8-D232626C628F}.Debug|Any CPU.ActiveCfg = Debug|Any CPU
		{C26E165C-DADB-481A-8EA8-D232626C628F}.Debug|Any CPU.Build.0 = Debug|Any CPU
		{C26E165C-DADB-481A-8EA8-D232626C628F}.Release|Any CPU.ActiveCfg = Release|Any CPU
		{C26E165C-DADB-481A-8EA8-D232626C628F}.Release|Any CPU.Build.0 = Release|Any CPU
		{F5CD596A-13D6-4439-A4A2-C2607824BDC6}.Debug|Any CPU.ActiveCfg = Debug|Any CPU
		{F5CD596A-13D6-4439-A4A2-C2607824BDC6}.Debug|Any CPU.Build.0 = Debug|Any CPU
		{F5CD596A-13D6-4439-A4A2-C2607824BDC6}.Release|Any CPU.ActiveCfg = Release|Any CPU
		{F5CD596A-13D6-4439-A4A2-C2607824BDC6}.Release|Any CPU.Build.0 = Release|Any CPU
		{F0656363-A18A-4D71-9194-BD5439F0FCEC}.Debug|Any CPU.ActiveCfg = Debug|Any CPU
		{F0656363-A18A-4D71-9194-BD5439F0FCEC}.Debug|Any CPU.Build.0 = Debug|Any CPU
		{F0656363-A18A-4D71-9194-BD5439F0FCEC}.Release|Any CPU.ActiveCfg = Release|Any CPU
		{F0656363-A18A-4D71-9194-BD5439F0FCEC}.Release|Any CPU.Build.0 = Release|Any CPU
		{258553DE-F4EE-46D3-992D-31293D8ABD00}.Debug|Any CPU.ActiveCfg = Debug|Any CPU
		{258553DE-F4EE-46D3-992D-31293D8ABD00}.Debug|Any CPU.Build.0 = Debug|Any CPU
		{258553DE-F4EE-46D3-992D-31293D8ABD00}.Release|Any CPU.ActiveCfg = Release|Any CPU
		{258553DE-F4EE-46D3-992D-31293D8ABD00}.Release|Any CPU.Build.0 = Release|Any CPU
		{82DF9B9F-802B-41AD-9D54-7D74BC80730B}.Debug|Any CPU.ActiveCfg = Debug|Any CPU
		{82DF9B9F-802B-41AD-9D54-7D74BC80730B}.Debug|Any CPU.Build.0 = Debug|Any CPU
		{82DF9B9F-802B-41AD-9D54-7D74BC80730B}.Release|Any CPU.ActiveCfg = Release|Any CPU
		{82DF9B9F-802B-41AD-9D54-7D74BC80730B}.Release|Any CPU.Build.0 = Release|Any CPU
		{9347F389-89AD-47A3-9464-FFC48CD4EC8E}.Debug|Any CPU.ActiveCfg = Debug|Any CPU
		{9347F389-89AD-47A3-9464-FFC48CD4EC8E}.Debug|Any CPU.Build.0 = Debug|Any CPU
		{9347F389-89AD-47A3-9464-FFC48CD4EC8E}.Release|Any CPU.ActiveCfg = Release|Any CPU
		{9347F389-89AD-47A3-9464-FFC48CD4EC8E}.Release|Any CPU.Build.0 = Release|Any CPU
		{C851BB28-0C6E-45E9-B89F-31EEE1E84428}.Debug|Any CPU.ActiveCfg = Debug|Any CPU
		{C851BB28-0C6E-45E9-B89F-31EEE1E84428}.Debug|Any CPU.Build.0 = Debug|Any CPU
		{C851BB28-0C6E-45E9-B89F-31EEE1E84428}.Release|Any CPU.ActiveCfg = Release|Any CPU
		{C851BB28-0C6E-45E9-B89F-31EEE1E84428}.Release|Any CPU.Build.0 = Release|Any CPU
		{87588F5F-D8AA-4A16-BB90-105DDF327327}.Debug|Any CPU.ActiveCfg = Debug|Any CPU
		{87588F5F-D8AA-4A16-BB90-105DDF327327}.Debug|Any CPU.Build.0 = Debug|Any CPU
		{87588F5F-D8AA-4A16-BB90-105DDF327327}.Release|Any CPU.ActiveCfg = Release|Any CPU
		{87588F5F-D8AA-4A16-BB90-105DDF327327}.Release|Any CPU.Build.0 = Release|Any CPU
		{E0B67C77-A68C-44EB-AE39-EB5FBD0CF181}.Debug|Any CPU.ActiveCfg = Debug|Any CPU
		{E0B67C77-A68C-44EB-AE39-EB5FBD0CF181}.Debug|Any CPU.Build.0 = Debug|Any CPU
		{E0B67C77-A68C-44EB-AE39-EB5FBD0CF181}.Release|Any CPU.ActiveCfg = Release|Any CPU
		{E0B67C77-A68C-44EB-AE39-EB5FBD0CF181}.Release|Any CPU.Build.0 = Release|Any CPU
		{77FA759D-326D-46BB-B3E2-97C998AB50BA}.Debug|Any CPU.ActiveCfg = Debug|Any CPU
		{77FA759D-326D-46BB-B3E2-97C998AB50BA}.Debug|Any CPU.Build.0 = Debug|Any CPU
		{77FA759D-326D-46BB-B3E2-97C998AB50BA}.Release|Any CPU.ActiveCfg = Release|Any CPU
		{77FA759D-326D-46BB-B3E2-97C998AB50BA}.Release|Any CPU.Build.0 = Release|Any CPU
		{EA8EB55B-5353-416B-9121-AD5515C90915}.Debug|Any CPU.ActiveCfg = Debug|Any CPU
		{EA8EB55B-5353-416B-9121-AD5515C90915}.Debug|Any CPU.Build.0 = Debug|Any CPU
		{EA8EB55B-5353-416B-9121-AD5515C90915}.Release|Any CPU.ActiveCfg = Release|Any CPU
		{EA8EB55B-5353-416B-9121-AD5515C90915}.Release|Any CPU.Build.0 = Release|Any CPU
		{D8A9D68E-D4AC-413D-A099-5FCB56444693}.Debug|Any CPU.ActiveCfg = Debug|Any CPU
		{D8A9D68E-D4AC-413D-A099-5FCB56444693}.Debug|Any CPU.Build.0 = Debug|Any CPU
		{D8A9D68E-D4AC-413D-A099-5FCB56444693}.Release|Any CPU.ActiveCfg = Release|Any CPU
		{D8A9D68E-D4AC-413D-A099-5FCB56444693}.Release|Any CPU.Build.0 = Release|Any CPU
		{6E68A221-85A4-4C03-ACFC-F91DDB034917}.Debug|Any CPU.ActiveCfg = Debug|Any CPU
		{6E68A221-85A4-4C03-ACFC-F91DDB034917}.Debug|Any CPU.Build.0 = Debug|Any CPU
		{6E68A221-85A4-4C03-ACFC-F91DDB034917}.Release|Any CPU.ActiveCfg = Release|Any CPU
		{6E68A221-85A4-4C03-ACFC-F91DDB034917}.Release|Any CPU.Build.0 = Release|Any CPU
		{46C7E4E3-8EEC-4C29-BA7E-9ADBBAACCA3C}.Debug|Any CPU.ActiveCfg = Debug|Any CPU
		{46C7E4E3-8EEC-4C29-BA7E-9ADBBAACCA3C}.Debug|Any CPU.Build.0 = Debug|Any CPU
		{46C7E4E3-8EEC-4C29-BA7E-9ADBBAACCA3C}.Release|Any CPU.ActiveCfg = Release|Any CPU
		{46C7E4E3-8EEC-4C29-BA7E-9ADBBAACCA3C}.Release|Any CPU.Build.0 = Release|Any CPU
		{C42C0389-669D-4B4A-8937-BA498F75F124}.Debug|Any CPU.ActiveCfg = Debug|Any CPU
		{C42C0389-669D-4B4A-8937-BA498F75F124}.Debug|Any CPU.Build.0 = Debug|Any CPU
		{C42C0389-669D-4B4A-8937-BA498F75F124}.Release|Any CPU.ActiveCfg = Release|Any CPU
		{C42C0389-669D-4B4A-8937-BA498F75F124}.Release|Any CPU.Build.0 = Release|Any CPU
		{7266C632-6581-4406-BA74-06D88983AB07}.Debug|Any CPU.ActiveCfg = Debug|Any CPU
		{7266C632-6581-4406-BA74-06D88983AB07}.Debug|Any CPU.Build.0 = Debug|Any CPU
		{7266C632-6581-4406-BA74-06D88983AB07}.Release|Any CPU.ActiveCfg = Release|Any CPU
		{7266C632-6581-4406-BA74-06D88983AB07}.Release|Any CPU.Build.0 = Release|Any CPU
		{AA2E3666-1672-436E-B3AE-88BBD48912B3}.Debug|Any CPU.ActiveCfg = Debug|Any CPU
		{AA2E3666-1672-436E-B3AE-88BBD48912B3}.Debug|Any CPU.Build.0 = Debug|Any CPU
		{AA2E3666-1672-436E-B3AE-88BBD48912B3}.Release|Any CPU.ActiveCfg = Release|Any CPU
		{AA2E3666-1672-436E-B3AE-88BBD48912B3}.Release|Any CPU.Build.0 = Release|Any CPU
		{FBCCDB1C-A75A-446C-8D98-5431EB38D4B9}.Debug|Any CPU.ActiveCfg = Debug|Any CPU
		{FBCCDB1C-A75A-446C-8D98-5431EB38D4B9}.Debug|Any CPU.Build.0 = Debug|Any CPU
		{FBCCDB1C-A75A-446C-8D98-5431EB38D4B9}.Release|Any CPU.ActiveCfg = Release|Any CPU
		{FBCCDB1C-A75A-446C-8D98-5431EB38D4B9}.Release|Any CPU.Build.0 = Release|Any CPU
		{DEDE1820-D70A-4B98-9ECC-B86BD50D388F}.Debug|Any CPU.ActiveCfg = Debug|Any CPU
		{DEDE1820-D70A-4B98-9ECC-B86BD50D388F}.Debug|Any CPU.Build.0 = Debug|Any CPU
		{DEDE1820-D70A-4B98-9ECC-B86BD50D388F}.Release|Any CPU.ActiveCfg = Release|Any CPU
		{DEDE1820-D70A-4B98-9ECC-B86BD50D388F}.Release|Any CPU.Build.0 = Release|Any CPU
		{5E983076-224C-4828-8AA9-465A0E6675F0}.Debug|Any CPU.ActiveCfg = Debug|Any CPU
		{5E983076-224C-4828-8AA9-465A0E6675F0}.Debug|Any CPU.Build.0 = Debug|Any CPU
		{5E983076-224C-4828-8AA9-465A0E6675F0}.Release|Any CPU.ActiveCfg = Release|Any CPU
		{5E983076-224C-4828-8AA9-465A0E6675F0}.Release|Any CPU.Build.0 = Release|Any CPU
		{C86AE8DA-2958-4BC8-98C5-91666FB68F60}.Debug|Any CPU.ActiveCfg = Debug|Any CPU
		{C86AE8DA-2958-4BC8-98C5-91666FB68F60}.Debug|Any CPU.Build.0 = Debug|Any CPU
		{C86AE8DA-2958-4BC8-98C5-91666FB68F60}.Release|Any CPU.ActiveCfg = Release|Any CPU
		{C86AE8DA-2958-4BC8-98C5-91666FB68F60}.Release|Any CPU.Build.0 = Release|Any CPU
		{6EA5A41A-3CCE-4B04-80CE-0435692A5AEA}.Debug|Any CPU.ActiveCfg = Debug|Any CPU
		{6EA5A41A-3CCE-4B04-80CE-0435692A5AEA}.Debug|Any CPU.Build.0 = Debug|Any CPU
		{6EA5A41A-3CCE-4B04-80CE-0435692A5AEA}.Release|Any CPU.ActiveCfg = Release|Any CPU
		{6EA5A41A-3CCE-4B04-80CE-0435692A5AEA}.Release|Any CPU.Build.0 = Release|Any CPU
	EndGlobalSection
	GlobalSection(NestedProjects) = preSolution
		{54E304CA-6AA3-449E-AB7A-1C0404EA6754} = {B3D81A26-9E77-4D0E-BCFA-10F2EFCF597B}
		{1F429437-5E2D-4B8B-AE77-EF2277C43135} = {54E304CA-6AA3-449E-AB7A-1C0404EA6754}
		{8A372DAD-AEFA-4261-81E7-5AAB89C10A12} = {54E304CA-6AA3-449E-AB7A-1C0404EA6754}
		{438B44C7-5E49-4D14-87AA-5E573E951F87} = {B3D81A26-9E77-4D0E-BCFA-10F2EFCF597B}
		{0283F961-FA2F-4B1A-B65C-CB91AD44BB54} = {438B44C7-5E49-4D14-87AA-5E573E951F87}
		{94BE4861-96D3-45A3-A63D-7CD5B06E74A0} = {438B44C7-5E49-4D14-87AA-5E573E951F87}
		{9688AE7B-974D-4744-85A2-3847A5DBEC7D} = {B3D81A26-9E77-4D0E-BCFA-10F2EFCF597B}
		{741A8B59-E76D-4B7E-BA3E-38667F290A08} = {9688AE7B-974D-4744-85A2-3847A5DBEC7D}
		{87596E02-9B50-48F3-B056-3B154E5C570A} = {9688AE7B-974D-4744-85A2-3847A5DBEC7D}
		{09C085B6-9525-4AE4-ADBF-58D581452108} = {B3D81A26-9E77-4D0E-BCFA-10F2EFCF597B}
		{4DD30669-C323-4E6F-A665-80868383909B} = {09C085B6-9525-4AE4-ADBF-58D581452108}
		{0C1F014E-7D66-4270-8EFB-69ECFBAD4B07} = {09C085B6-9525-4AE4-ADBF-58D581452108}
		{8412EB36-1F7A-4EF5-B57E-3727C79E8367} = {B3D81A26-9E77-4D0E-BCFA-10F2EFCF597B}
		{686BFE06-0F91-4E58-83AA-792B2B5FB27E} = {8412EB36-1F7A-4EF5-B57E-3727C79E8367}
		{22C289F2-2310-4861-8CD8-71036290094C} = {8412EB36-1F7A-4EF5-B57E-3727C79E8367}
		{BA9C9D3E-1378-4E98-A130-A15B682F05CB} = {5FD3A2B1-01A7-4453-BC44-406E1C6AF1DB}
		{424B0DFF-2854-4E19-AA58-B6789C551E42} = {BA9C9D3E-1378-4E98-A130-A15B682F05CB}
		{621055F1-55AD-4DF7-90B0-932FA7A4B546} = {BA9C9D3E-1378-4E98-A130-A15B682F05CB}
		{9DD9A781-4A1F-4185-8F42-184E3C36F724} = {5FD3A2B1-01A7-4453-BC44-406E1C6AF1DB}
		{0F9F1898-EB07-4C46-A7E3-1F6A29EFDFF7} = {9DD9A781-4A1F-4185-8F42-184E3C36F724}
		{3C61EDA7-D524-40EE-98E4-80444A29475F} = {9DD9A781-4A1F-4185-8F42-184E3C36F724}
		{67520ACF-11D6-4CE1-9E6A-49A29DF35D58} = {5FD3A2B1-01A7-4453-BC44-406E1C6AF1DB}
		{FA44B6FE-8F89-4B54-8B8F-3491B6999194} = {67520ACF-11D6-4CE1-9E6A-49A29DF35D58}
		{BAA87D5F-D52F-4A37-BC1D-FDBD79CB463D} = {67520ACF-11D6-4CE1-9E6A-49A29DF35D58}
		{3D42395B-1F5E-401D-8BEB-38E86ADFF085} = {5FD3A2B1-01A7-4453-BC44-406E1C6AF1DB}
		{5946B55B-E550-4248-808E-F9047A1D0965} = {3D42395B-1F5E-401D-8BEB-38E86ADFF085}
		{A1CCA4BC-A270-414F-B17D-B4DCB9466B2E} = {3D42395B-1F5E-401D-8BEB-38E86ADFF085}
		{F83EB8A2-D1ED-46F6-BFAA-7D177F9F46AE} = {5FD3A2B1-01A7-4453-BC44-406E1C6AF1DB}
		{AEE9D565-F2FE-4EC7-98EB-F3683EA71B26} = {F83EB8A2-D1ED-46F6-BFAA-7D177F9F46AE}
		{9FDCDF2E-241E-4F83-8D26-187498D4C7E7} = {F83EB8A2-D1ED-46F6-BFAA-7D177F9F46AE}
		{7CBC0214-E7FE-4D37-BDCB-4A0321008256} = {5FD3A2B1-01A7-4453-BC44-406E1C6AF1DB}
		{8A6109D5-CEB9-4ADB-98F1-872EE3FAF9A6} = {7CBC0214-E7FE-4D37-BDCB-4A0321008256}
		{17D4A1F8-B646-436C-A142-7D2F43B721C3} = {7CBC0214-E7FE-4D37-BDCB-4A0321008256}
		{1F19D62B-34A0-4E40-96A1-5E0991EE0763} = {5FD3A2B1-01A7-4453-BC44-406E1C6AF1DB}
		{C26E165C-DADB-481A-8EA8-D232626C628F} = {1F19D62B-34A0-4E40-96A1-5E0991EE0763}
		{F5CD596A-13D6-4439-A4A2-C2607824BDC6} = {1F19D62B-34A0-4E40-96A1-5E0991EE0763}
		{3F7425B4-276B-4D97-A8A5-F8C6CD30A728} = {AF7892E6-3253-4DD7-B982-9C094F934468}
		{F0656363-A18A-4D71-9194-BD5439F0FCEC} = {3F7425B4-276B-4D97-A8A5-F8C6CD30A728}
		{258553DE-F4EE-46D3-992D-31293D8ABD00} = {3F7425B4-276B-4D97-A8A5-F8C6CD30A728}
		{AED0E94A-D216-4792-9442-45581CDD60DF} = {AF7892E6-3253-4DD7-B982-9C094F934468}
		{82DF9B9F-802B-41AD-9D54-7D74BC80730B} = {AED0E94A-D216-4792-9442-45581CDD60DF}
		{9347F389-89AD-47A3-9464-FFC48CD4EC8E} = {AED0E94A-D216-4792-9442-45581CDD60DF}
		{841E74FA-0935-4338-B31F-672C80E1E27C} = {AF7892E6-3253-4DD7-B982-9C094F934468}
		{C851BB28-0C6E-45E9-B89F-31EEE1E84428} = {841E74FA-0935-4338-B31F-672C80E1E27C}
		{87588F5F-D8AA-4A16-BB90-105DDF327327} = {841E74FA-0935-4338-B31F-672C80E1E27C}
		{F98CE86E-4EF5-4173-882D-46194003A81D} = {AF7892E6-3253-4DD7-B982-9C094F934468}
		{E0B67C77-A68C-44EB-AE39-EB5FBD0CF181} = {F98CE86E-4EF5-4173-882D-46194003A81D}
		{77FA759D-326D-46BB-B3E2-97C998AB50BA} = {F98CE86E-4EF5-4173-882D-46194003A81D}
		{B6F94408-1F45-41CF-9BC0-69FC4F8BD58C} = {AF7892E6-3253-4DD7-B982-9C094F934468}
		{EA8EB55B-5353-416B-9121-AD5515C90915} = {B6F94408-1F45-41CF-9BC0-69FC4F8BD58C}
		{D8A9D68E-D4AC-413D-A099-5FCB56444693} = {B6F94408-1F45-41CF-9BC0-69FC4F8BD58C}
		{ECE3A36D-5640-4019-A3C9-FD526C4C5CEF} = {AF7892E6-3253-4DD7-B982-9C094F934468}
		{6E68A221-85A4-4C03-ACFC-F91DDB034917} = {ECE3A36D-5640-4019-A3C9-FD526C4C5CEF}
		{46C7E4E3-8EEC-4C29-BA7E-9ADBBAACCA3C} = {ECE3A36D-5640-4019-A3C9-FD526C4C5CEF}
		{12689A24-0E9C-4729-B4D7-915934185019} = {AF7892E6-3253-4DD7-B982-9C094F934468}
		{C42C0389-669D-4B4A-8937-BA498F75F124} = {12689A24-0E9C-4729-B4D7-915934185019}
		{7266C632-6581-4406-BA74-06D88983AB07} = {12689A24-0E9C-4729-B4D7-915934185019}
		{63A26485-1D84-4D0D-88A4-E1129CD093A1} = {AF7892E6-3253-4DD7-B982-9C094F934468}
		{AA2E3666-1672-436E-B3AE-88BBD48912B3} = {63A26485-1D84-4D0D-88A4-E1129CD093A1}
		{FBCCDB1C-A75A-446C-8D98-5431EB38D4B9} = {63A26485-1D84-4D0D-88A4-E1129CD093A1}
		{A3EE2126-632E-407C-846B-6733B6C85CD2} = {AF7892E6-3253-4DD7-B982-9C094F934468}
		{DEDE1820-D70A-4B98-9ECC-B86BD50D388F} = {A3EE2126-632E-407C-846B-6733B6C85CD2}
		{5E983076-224C-4828-8AA9-465A0E6675F0} = {A3EE2126-632E-407C-846B-6733B6C85CD2}
		{E21DFC37-E149-4FE9-9353-15E54A54507D} = {AF7892E6-3253-4DD7-B982-9C094F934468}
		{C86AE8DA-2958-4BC8-98C5-91666FB68F60} = {E21DFC37-E149-4FE9-9353-15E54A54507D}
		{6EA5A41A-3CCE-4B04-80CE-0435692A5AEA} = {E21DFC37-E149-4FE9-9353-15E54A54507D}
	EndGlobalSection
EndGlobal
